github.com/itlabers/crypto v1.0.2-0.20210519065553-86f4e4883143 h1:kddMWVSosTURjTTzJgiKKGvhPUhCPLArv4G4ixe2vYQ=
github.com/itlabers/crypto v1.0.2-0.20210519065553-86f4e4883143/go.mod h1:UNoUMsPVFm+nYzzbtRY+QWm0MSXzSdldZdmDE0LdQy8=
github.com/itlabers/ofd-go v0.0.0-20240312022202-ab26ade71f05 h1:IElcSZDhG7y4vVP2kSuyu/mKcKhp2ZLBw+kzDZNV1YA=
github.com/itlabers/ofd-go v0.0.0-20240312022202-ab26ade71f05/go.mod h1:lgxy/JgHJNRu6Ib3sC46ooFwpAngPrCmemfCEl8/s1w=
golang.org/x/crypto v0.0.0-20220722155217-630584e8d5aa h1:zuSxTR4o9y82ebqCUJYNGJbGPo6sKVl54f/TVDObg1c=
golang.org/x/crypto v0.0.0-20220722155217-630584e8d5aa/go.mod h1:IxCIyHEi3zRg3s0A5j5BB6A9Jmi73HwBIUl50j+osU4=
